
Microsoft Visual Studio Solution File, Format Version 12.00
# Visual Studio Version 17
VisualStudioVersion = 17.0.31606.5
MinimumVisualStudioVersion = 10.0.40219.1
Project("{9A19103F-16F7-4668-BE54-9A1E7A4F7556}") = "UniTask.NetCoreTests", "src\UniTask.NetCoreTests\UniTask.NetCoreTests.csproj", "{B3E311A4-70D8-4131-9965-C073A99D201A}"
EndProject
Project("{9A19103F-16F7-4668-BE54-9A1E7A4F7556}") = "UniTask.NetCore", "src\UniTask.NetCore\UniTask.NetCore.csproj", "{16EE20D0-7FB1-483A-8467-A5EEDBF1F5BF}"
EndProject
Project("{9A19103F-16F7-4668-BE54-9A1E7A4F7556}") = "UniTask.NetCoreSandbox", "src\UniTask.NetCoreSandbox\UniTask.NetCoreSandbox.csproj", "{3915E72E-33E0-4A14-A6D8-872702200E58}"
EndProject
Project("{FAE04EC0-301F-11D3-BF4B-00C04F79EFBC}") = "UniTask.Analyzer", "src\UniTask.Analyzer\UniTask.Analyzer.csproj", "{0AC6F052-A255-4EE3-9E05-1C02D49AB1C2}"
EndProject
Global
	GlobalSection(SolutionConfigurationPlatforms) = preSolution
		Debug|Any CPU = Debug|Any CPU
		Release|Any CPU = Release|Any CPU
	EndGlobalSection
	GlobalSection(ProjectConfigurationPlatforms) = postSolution
		{B3E311A4-70D8-4131-9965-C073A99D201A}.Debug|Any CPU.ActiveCfg = Debug|Any CPU
		{B3E311A4-70D8-4131-9965-C073A99D201A}.Debug|Any CPU.Build.0 = Debug|Any CPU
		{B3E311A4-70D8-4131-9965-C073A99D201A}.Release|Any CPU.ActiveCfg = Release|Any CPU
		{B3E311A4-70D8-4131-9965-C073A99D201A}.Release|Any CPU.Build.0 = Release|Any CPU
		{16EE20D0-7FB1-483A-8467-A5EEDBF1F5BF}.Debug|Any CPU.ActiveCfg = Debug|Any CPU
		{16EE20D0-7FB1-483A-8467-A5EEDBF1F5BF}.Debug|Any CPU.Build.0 = Debug|Any CPU
		{16EE20D0-7FB1-483A-8467-A5EEDBF1F5BF}.Release|Any CPU.ActiveCfg = Release|Any CPU
		{16EE20D0-7FB1-483A-8467-A5EEDBF1F5BF}.Release|Any CPU.Build.0 = Release|Any CPU
		{3915E72E-33E0-4A14-A6D8-872702200E58}.Debug|Any CPU.ActiveCfg = Debug|Any CPU
		{3915E72E-33E0-4A14-A6D8-872702200E58}.Debug|Any CPU.Build.0 = Debug|Any CPU
		{3915E72E-33E0-4A14-A6D8-872702200E58}.Release|Any CPU.ActiveCfg = Release|Any CPU
		{3915E72E-33E0-4A14-A6D8-872702200E58}.Release|Any CPU.Build.0 = Release|Any CPU
		{0AC6F052-A255-4EE3-9E05-1C02D49AB1C2}.Debug|Any CPU.ActiveCfg = Debug|Any CPU
		{0AC6F052-A255-4EE3-9E05-1C02D49AB1C2}.Debug|Any CPU.Build.0 = Debug|Any CPU
		{0AC6F052-A255-4EE3-9E05-1C02D49AB1C2}.Release|Any CPU.ActiveCfg = Release|Any CPU
		{0AC6F052-A255-4EE3-9E05-1C02D49AB1C2}.Release|Any CPU.Build.0 = Release|Any CPU
	EndGlobalSection
	GlobalSection(SolutionProperties) = preSolution
		HideSolutionNode = FALSE
	EndGlobalSection
	GlobalSection(ExtensibilityGlobals) = postSolution
		SolutionGuid = {90F78FCC-7CD4-4E88-A3DB-873F481F8C8B}
	EndGlobalSection
EndGlobal
